{
    "_meta": {
        "hash": {
            "sha256": "884bd4df7856d691c919c20df9c8341d9e86430907336dc2546ea963fa2a5ae7"
        },
        "pipfile-spec": 6,
        "requires": {
            "python_version": "3.7"
        },
        "sources": [
            {
                "name": "pypi",
                "url": "https://pypi.org/simple",
                "verify_ssl": true
            }
        ]
    },
    "default": {
        "aiohttp": {
            "hashes": [
                "sha256:119feb2bd551e58d83d1b38bfa4cb921af8ddedec9fad7183132db334c3133e0",
                "sha256:16d0683ef8a6d803207f02b899c928223eb219111bd52420ef3d7a8aa76227b6",
                "sha256:2eb3efe243e0f4ecbb654b08444ae6ffab37ac0ef8f69d3a2ffb958905379daf",
                "sha256:2ffea7904e70350da429568113ae422c88d2234ae776519549513c8f217f58a9",
                "sha256:40bd1b101b71a18a528ffce812cc14ff77d4a2a1272dfb8b11b200967489ef3e",
                "sha256:418597633b5cd9639e514b1d748f358832c08cd5d9ef0870026535bd5eaefdd0",
                "sha256:481d4b96969fbfdcc3ff35eea5305d8565a8300410d3d269ccac69e7256b1329",
                "sha256:4c1bdbfdd231a20eee3e56bd0ac1cd88c4ff41b64ab679ed65b75c9c74b6c5c2",
                "sha256:5563ad7fde451b1986d42b9bb9140e2599ecf4f8e42241f6da0d3d624b776f40",
                "sha256:58c62152c4c8731a3152e7e650b29ace18304d086cb5552d317a54ff2749d32a",
                "sha256:5b50e0b9460100fe05d7472264d1975f21ac007b35dcd6fd50279b72925a27f4",
                "sha256:5d84ecc73141d0a0d61ece0742bb7ff5751b0657dab8405f899d3ceb104cc7de",
                "sha256:5dde6d24bacac480be03f4f864e9a67faac5032e28841b00533cd168ab39cad9",
                "sha256:5e91e927003d1ed9283dee9abcb989334fc8e72cf89ebe94dc3e07e3ff0b11e9",
                "sha256:62bc216eafac3204877241569209d9ba6226185aa6d561c19159f2e1cbb6abfb",
                "sha256:6c8200abc9dc5f27203986100579fc19ccad7a832c07d2bc151ce4ff17190076",
                "sha256:6ca56bdfaf825f4439e9e3673775e1032d8b6ea63b8953d3812c71bd6a8b81de",
                "sha256:71680321a8a7176a58dfbc230789790639db78dad61a6e120b39f314f43f1907",
                "sha256:7c7820099e8b3171e54e7eedc33e9450afe7cd08172632d32128bd527f8cb77d",
                "sha256:7dbd087ff2f4046b9b37ba28ed73f15fd0bc9f4fdc8ef6781913da7f808d9536",
                "sha256:822bd4fd21abaa7b28d65fc9871ecabaddc42767884a626317ef5b75c20e8a2d",
                "sha256:8ec1a38074f68d66ccb467ed9a673a726bb397142c273f90d4ba954666e87d54",
                "sha256:950b7ef08b2afdab2488ee2edaff92a03ca500a48f1e1aaa5900e73d6cf992bc",
                "sha256:99c5a5bf7135607959441b7d720d96c8e5c46a1f96e9d6d4c9498be8d5f24212",
                "sha256:b84ad94868e1e6a5e30d30ec419956042815dfaea1b1df1cef623e4564c374d9",
                "sha256:bc3d14bf71a3fb94e5acf5bbf67331ab335467129af6416a437bd6024e4f743d",
                "sha256:c2a80fd9a8d7e41b4e38ea9fe149deed0d6aaede255c497e66b8213274d6d61b",
                "sha256:c44d3c82a933c6cbc21039326767e778eface44fca55c65719921c4b9661a3f7",
                "sha256:cc31e906be1cc121ee201adbdf844522ea3349600dd0a40366611ca18cd40e81",
                "sha256:d5d102e945ecca93bcd9801a7bb2fa703e37ad188a2f81b1e65e4abe4b51b00c",
                "sha256:dd7936f2a6daa861143e376b3a1fb56e9b802f4980923594edd9ca5670974895",
                "sha256:dee68ec462ff10c1d836c0ea2642116aba6151c6880b688e56b4c0246770f297",
                "sha256:e76e78863a4eaec3aee5722d85d04dcbd9844bc6cd3bfa6aa880ff46ad16bfcb",
                "sha256:eab51036cac2da8a50d7ff0ea30be47750547c9aa1aa2cf1a1b710a1827e7dbe",
                "sha256:f4496d8d04da2e98cc9133e238ccebf6a13ef39a93da2e87146c8c8ac9768242",
                "sha256:fbd3b5e18d34683decc00d9a360179ac1e7a320a5fee10ab8053ffd6deab76e0",
                "sha256:feb24ff1226beeb056e247cf2e24bba5232519efb5645121c4aea5b6ad74c1f2"
            ],
            "index": "pypi",
            "version": "==3.7.4"
        },
        "aiohttp-basicauth-middleware": {
            "hashes": [
                "sha256:fb4ff3b5733ab4475dc21ecb30636542ed74c12e9eb711ac77b61795f25eb104"
            ],
            "index": "pypi",
            "version": "==1.1.2"
        },
        "aiohttp-jinja2": {
            "hashes": [
                "sha256:2dfe29cfd278d07cd0a851afb98471bc8ce2a830968443e40d67636f3c035d79",
                "sha256:3b4dfe1bfd5542e254a769c18cb58d62f7f92755fec127e38d0da3436900b240"
            ],
            "index": "pypi",
            "version": "==1.2.0"
        },
        "async-timeout": {
            "hashes": [
                "sha256:0c3c816a028d47f659d6ff5c745cb2acf1f966da1fe5c19c77a70282b25f4c5f",
                "sha256:4291ca197d287d274d0b6cb5d6f8f8f82d434ed288f962539ff18cc9012f9ea3"
            ],
            "markers": "python_full_version >= '3.5.3'",
            "version": "==3.0.1"
        },
        "attrs": {
            "hashes": [
                "sha256:2d27e3784d7a565d36ab851fe94887c5eccd6a463168875832a1be79c82828b4",
                "sha256:626ba8234211db98e869df76230a137c4c40a12d72445c45d5f5b716f076e2fd"
            ],
            "markers": "python_version >= '2.7' and python_version not in '3.0, 3.1, 3.2, 3.3, 3.4'",
            "version": "==21.4.0"
        },
        "cbor2": {
            "hashes": [
                "sha256:0153635a78e62d70f26f5b3469cb8de822420eda69c996304fb3d0dc1a53d7f3",
                "sha256:0e27c52abdccadadab858437f6d98d5e8711aa84f0af7417dd1404d16127db7f",
                "sha256:10f178697e66eaae51534c3ef9acce1abf2f747e63c841e8702b9453c5bc4cfe",
                "sha256:2757a7b624478d3b6707adf8ab7aef03d81fdaca6bea981b2323069660b9360f",
                "sha256:310c7d7925f7aa6cb90791606be17c164bbf3b28d4d17047b5d19d303f2fe817",
                "sha256:32c1d00d8ad1a89f2358bf444fd43cacc3ca61f3c3feb1a2f2b2bea8ba4853d2",
                "sha256:395aec8f415f039ab3be6cb58861c21bd2202f5c0ad6537b31956da532ea74ad",
                "sha256:4c112b21fad53b2d936ef2d55c698641a6d49025c1a9cf73db3ef24684514db1",
                "sha256:70fb47a4bca70ae2d1b2b6c9d5ed6c898494739966653f7c84737f795b26d754",
                "sha256:79c10306d9128258dea110c01abbe9c58c48ee2ffcf995f982fb063f1a82e2ee",
                "sha256:93baf1ee33a305acf8f1391fed4e63ea2e837b561294fd6275ce8785acb795fa",
                "sha256:d9f64241bb30439f6ebde74101683e9dceecab95afe105560ac9d0e54d1b3c2e",
                "sha256:e283e70b55a049ff364cc5e648fde587e4d9b0e87e4b2664c69e639135e6b3b8"
            ],
            "markers": "python_version >= '3.6'",
            "version": "==5.4.2"
        },
        "cchardet": {
            "hashes": [
                "sha256:0f6e4e464e332da776b9c1a34e4e83b6301d38c2724efc93848c46ade66d02bb",
                "sha256:217a7008bd399bdb61f6a0a2570acc5c3a9f96140e0a0d089b9e748c4d4e4c4e",
                "sha256:27b0f23088873d1dd36d2c8a2e45c9167e312e1aac7e4baeb47f7428a2669638",
                "sha256:2a958fb093f69ee5f16be7a1aee5122e07aff4350fa4dc9b953b87c34468e605",
                "sha256:2aa1b008965c703ad6597361b0f6d427c8971fe94a2c99ec3724c228ae50d6a6",
                "sha256:2c05b66b12f9ab0493c5ffb666036fd8c9004a9cc9d5a9264dc24738b50ab8c3",
                "sha256:4096759825a130cb27a58ddf6d58e10abdd0127d29fbf53fde26df7ad879737b",
                "sha256:40c199f9c0569ac479fae7c4e12d2e16fc1e8237836b928474fdd228b8d11477",
                "sha256:4486f6e5bdf06f0081d13832f2a061d9e90597eb02093fda9d37e3985e3b2ef2",
                "sha256:54d2653520237ebbd2928f2c0f2eb7c616ee2b5194d73d945060cd54a7846b64",
                "sha256:5e38cfad9d3ca0f571c4352e9ca0f5ab718508f492a37d3236ae70810140e250",
                "sha256:68409e00d75ff13dd7a192ec49559f5527ee8959a51a9f4dd7b168df972b4d44",
                "sha256:79b0e113144c2ef0050bc9fe647c7657c5298f3012ecd8937d930b24ddd61404",
                "sha256:7a2d98df461d3f36b403fdd8d7890c823ed05bd98eb074412ed56fbfedb94751",
                "sha256:7bba1cbb4358dc9a2d2da00f4b38b159a5483d2f3b1d698a7c2cae518f955170",
                "sha256:84d2ce838cf3c2fe7f0517941702d42f7e598e5173632ec47a113cd521669b98",
                "sha256:8b1d02c99f6444c63336a76638741eaf4ac4005b454e3b8252a40074bf0d84a1",
                "sha256:8f7ade2578b2326a0a554c03f60c8d079331220179a592e83e143c9556b7f5b2",
                "sha256:953fe382304b19f5aa8fc2da4b092a3bb58a477d33af4def4b81abdce4c9288c",
                "sha256:acc96b4a8f756af289fa90ffa67ddef57401d99131e51e71872e3609483941ce",
                "sha256:af284494ea6c40f9613b4d939abe585eb9290cb92037eab66122c93190fcb338",
                "sha256:b76afb2059ad69eab576949980a17413c1e9e5a5624abf9e43542d8853f146b3",
                "sha256:ccb9f6f06265382028468b47e726f2d42539256fb498d1b0e473c39037b42b8a",
                "sha256:cf134e1cfb0c53f08abb1ab9158a7e7f859c3ddb451d5fe535a2cc5f2958a688",
                "sha256:dff9480d9b6260f59ad10e1cec5be13905be5da88a4a2bd5a5bd4d49c49c4a05",
                "sha256:e27771798c8ad50df1375e762d59369354af94eb8ac21eca5bfd1eeef589f545",
                "sha256:f245f045054e8d6dab2a0e366d3c74f3a47fb7dec2595ae2035b234b1a829c7a",
                "sha256:f5c94994d876d8709847c3a92643309d716f43716580a2e5831262366a9ee8b6",
                "sha256:fd16f57ce42a72397cd9fe38977fc809eb02172731cb354572f28a6d8e4cf322"
            ],
            "index": "pypi",
            "version": "==2.1.6"
        },
        "chardet": {
            "hashes": [
                "sha256:84ab92ed1c4d4f16916e05906b6b75a6c0fb5db821cc65e70cbd64a3e2a5eaae",
                "sha256:fc323ffcaeaed0e0a02bf4d117757b98aed530d9ed4531e3e15460124c106691"
            ],
            "version": "==3.0.4"
        },
        "deprecated": {
            "hashes": [
                "sha256:43ac5335da90c31c24ba028af536a91d41d53f9e6901ddb021bcc572ce44e38d",
                "sha256:64756e3e14c8c5eea9795d93c524551432a0be75629f8f29e67ab8caf076c76d"
            ],
            "markers": "python_version >= '2.7' and python_version not in '3.0, 3.1, 3.2, 3.3'",
            "version": "==1.2.13"
        },
        "http-basic-auth": {
            "hashes": [
                "sha256:ed81a9869dee608478e6477f6f3485b3b04e5378a8685a9b9170f0a7a9e90d96"
            ],
            "version": "==1.2.0"
        },
        "idna": {
            "hashes": [
                "sha256:84d9dd047ffa80596e0f246e2eab0b391788b0503584e8945f2368256d2735ff",
                "sha256:9d643ff0a55b762d5cdb124b8eaa99c66322e2157b69160bc32796e824360e6d"
            ],
            "markers": "python_version >= '3.5'",
            "version": "==3.3"
        },
        "jinja2": {
            "hashes": [
                "sha256:077ce6014f7b40d03b47d1f1ca4b0fc8328a692bd284016f806ed0eaca390ad8",
                "sha256:611bb273cd68f3b993fabdc4064fc858c5b47a973cb5aa7999ec1ba405c87cd7"
            ],
            "markers": "python_version >= '3.6'",
            "version": "==3.0.3"
        },
        "luma.core": {
            "hashes": [
                "sha256:407efa64351b91504de5399af782d54072dd8abe3a3fc79b05f2e9b2ad1816fb",
                "sha256:f293f5fff8946eea62af3a5d5d7da55c37d2b64aac6c9c90180a385da9f7d003"
            ],
            "markers": "python_version >= '3.6' and python_version < '4'",
            "version": "==2.3.1"
        },
        "luma.led-matrix": {
            "hashes": [
                "sha256:2097c145d15877e6aabe477f6e9fb97a4d312a42f33fc287d7759a7ebb7e1463",
                "sha256:9e44f0c7b76ffadbbf3895557f016a3466a36c976c65b30d4038c2bcb38a9ae5"
            ],
            "index": "pypi",
            "version": "==1.6.1"
        },
        "markupsafe": {
            "hashes": [
                "sha256:01a9b8ea66f1658938f65b93a85ebe8bc016e6769611be228d797c9d998dd298",
                "sha256:023cb26ec21ece8dc3907c0e8320058b2e0cb3c55cf9564da612bc325bed5e64",
                "sha256:0446679737af14f45767963a1a9ef7620189912317d095f2d9ffa183a4d25d2b",
                "sha256:04635854b943835a6ea959e948d19dcd311762c5c0c6e1f0e16ee57022669194",
                "sha256:0717a7390a68be14b8c793ba258e075c6f4ca819f15edfc2a3a027c823718567",
                "sha256:0955295dd5eec6cb6cc2fe1698f4c6d84af2e92de33fbcac4111913cd100a6ff",
                "sha256:0d4b31cc67ab36e3392bbf3862cfbadac3db12bdd8b02a2731f509ed5b829724",
                "sha256:10f82115e21dc0dfec9ab5c0223652f7197feb168c940f3ef61563fc2d6beb74",
                "sha256:168cd0a3642de83558a5153c8bd34f175a9a6e7f6dc6384b9655d2697312a646",
                "sha256:1d609f577dc6e1aa17d746f8bd3c31aa4d258f4070d61b2aa5c4166c1539de35",
                "sha256:1f2ade76b9903f39aa442b4aadd2177decb66525062db244b35d71d0ee8599b6",
                "sha256:20dca64a3ef2d6e4d5d615a3fd418ad3bde77a47ec8a23d984a12b5b4c74491a",
                "sha256:2a7d351cbd8cfeb19ca00de495e224dea7e7d919659c2841bbb7f420ad03e2d6",
                "sha256:2d7d807855b419fc2ed3e631034685db6079889a1f01d5d9dac950f764da3dad",
                "sha256:2ef54abee730b502252bcdf31b10dacb0a416229b72c18b19e24a4509f273d26",
                "sha256:36bc903cbb393720fad60fc28c10de6acf10dc6cc883f3e24ee4012371399a38",
                "sha256:37205cac2a79194e3750b0af2a5720d95f786a55ce7df90c3af697bfa100eaac",
                "sha256:3c112550557578c26af18a1ccc9e090bfe03832ae994343cfdacd287db6a6ae7",
                "sha256:3dd007d54ee88b46be476e293f48c85048603f5f516008bee124ddd891398ed6",
                "sha256:4296f2b1ce8c86a6aea78613c34bb1a672ea0e3de9c6ba08a960efe0b0a09047",
                "sha256:47ab1e7b91c098ab893b828deafa1203de86d0bc6ab587b160f78fe6c4011f75",
                "sha256:49e3ceeabbfb9d66c3aef5af3a60cc43b85c33df25ce03d0031a608b0a8b2e3f",
                "sha256:4dc8f9fb58f7364b63fd9f85013b780ef83c11857ae79f2feda41e270468dd9b",
                "sha256:4efca8f86c54b22348a5467704e3fec767b2db12fc39c6d963168ab1d3fc9135",
                "sha256:53edb4da6925ad13c07b6d26c2a852bd81e364f95301c66e930ab2aef5b5ddd8",
                "sha256:5855f8438a7d1d458206a2466bf82b0f104a3724bf96a1c781ab731e4201731a",
                "sha256:594c67807fb16238b30c44bdf74f36c02cdf22d1c8cda91ef8a0ed8dabf5620a",
                "sha256:5b6d930f030f8ed98e3e6c98ffa0652bdb82601e7a016ec2ab5d7ff23baa78d1",
                "sha256:5bb28c636d87e840583ee3adeb78172efc47c8b26127267f54a9c0ec251d41a9",
                "sha256:60bf42e36abfaf9aff1f50f52644b336d4f0a3fd6d8a60ca0d054ac9f713a864",
                "sha256:611d1ad9a4288cf3e3c16014564df047fe08410e628f89805e475368bd304914",
                "sha256:6300b8454aa6930a24b9618fbb54b5a68135092bc666f7b06901f897fa5c2fee",
                "sha256:63f3268ba69ace99cab4e3e3b5840b03340efed0948ab8f78d2fd87ee5442a4f",
                "sha256:6557b31b5e2c9ddf0de32a691f2312a32f77cd7681d8af66c2692efdbef84c18",
                "sha256:693ce3f9e70a6cf7d2fb9e6c9d8b204b6b39897a2c4a1aa65728d5ac97dcc1d8",
                "sha256:6a7fae0dd14cf60ad5ff42baa2e95727c3d81ded453457771d02b7d2b3f9c0c2",
                "sha256:6c4ca60fa24e85fe25b912b01e62cb969d69a23a5d5867682dd3e80b5b02581d",
                "sha256:6fcf051089389abe060c9cd7caa212c707e58153afa2c649f00346ce6d260f1b",
                "sha256:7d91275b0245b1da4d4cfa07e0faedd5b0812efc15b702576d103293e252af1b",
                "sha256:89c687013cb1cd489a0f0ac24febe8c7a666e6e221b783e53ac50ebf68e45d86",
                "sha256:8d206346619592c6200148b01a2142798c989edcb9c896f9ac9722a99d4e77e6",
                "sha256:905fec760bd2fa1388bb5b489ee8ee5f7291d692638ea5f67982d968366bef9f",
                "sha256:97383d78eb34da7e1fa37dd273c20ad4320929af65d156e35a5e2d89566d9dfb",
                "sha256:984d76483eb32f1bcb536dc27e4ad56bba4baa70be32fa87152832cdd9db0833",
                "sha256:99df47edb6bda1249d3e80fdabb1dab8c08ef3975f69aed437cb69d0a5de1e28",
                "sha256:9f02365d4e99430a12647f09b6cc8bab61a6564363f313126f775eb4f6ef798e",
                "sha256:a30e67a65b53ea0a5e62fe23682cfe22712e01f453b95233b25502f7c61cb415",
                "sha256:ab3ef638ace319fa26553db0624c4699e31a28bb2a835c5faca8f8acf6a5a902",
                "sha256:aca6377c0cb8a8253e493c6b451565ac77e98c2951c45f913e0b52facdcff83f",
                "sha256:add36cb2dbb8b736611303cd3bfcee00afd96471b09cda130da3581cbdc56a6d",
                "sha256:b2f4bf27480f5e5e8ce285a8c8fd176c0b03e93dcc6646477d4630e83440c6a9",
                "sha256:b7f2d075102dc8c794cbde1947378051c4e5180d52d276987b8d28a3bd58c17d",
                "sha256:baa1a4e8f868845af802979fcdbf0bb11f94f1cb7ced4c4b8a351bb60d108145",
                "sha256:be98f628055368795d818ebf93da628541e10b75b41c559fdf36d104c5787066",
                "sha256:bf5d821ffabf0ef3533c39c518f3357b171a1651c1ff6827325e4489b0e46c3c",
                "sha256:c47adbc92fc1bb2b3274c4b3a43ae0e4573d9fbff4f54cd484555edbf030baf1",
                "sha256:cdfba22ea2f0029c9261a4bd07e830a8da012291fbe44dc794e488b6c9bb353a",
                "sha256:d6c7ebd4e944c85e2c3421e612a7057a2f48d478d79e61800d81468a8d842207",
                "sha256:d7f9850398e85aba693bb640262d3611788b1f29a79f0c93c565694658f4071f",
                "sha256:d8446c54dc28c01e5a2dbac5a25f071f6653e6e40f3a8818e8b45d790fe6ef53",
                "sha256:deb993cacb280823246a026e3b2d81c493c53de6acfd5e6bfe31ab3402bb37dd",
                "sha256:e0f138900af21926a02425cf736db95be9f4af72ba1bb21453432a07f6082134",
                "sha256:e9936f0b261d4df76ad22f8fee3ae83b60d7c3e871292cd42f40b81b70afae85",
                "sha256:f0567c4dc99f264f49fe27da5f735f414c4e7e7dd850cfd8e69f0862d7c74ea9",
                "sha256:f5653a225f31e113b152e56f154ccbe59eeb1c7487b39b9d9f9cdb58e6c79dc5",
                "sha256:f826e31d18b516f653fe296d967d700fddad5901ae07c622bb3705955e1faa94",
                "sha256:f8ba0e8349a38d3001fae7eadded3f6606f0da5d748ee53cc1dab1d6527b9509",
                "sha256:f9081981fe268bd86831e5c75f7de206ef275defcb82bc70740ae6dc507aee51",
                "sha256:fa130dd50c57d53368c9d59395cb5526eda596d3ffe36666cd81a44d56e48872"
            ],
            "markers": "python_version >= '3.6'",
            "version": "==2.0.1"
        },
        "multidict": {
            "hashes": [
                "sha256:06560fbdcf22c9387100979e65b26fba0816c162b888cb65b845d3def7a54c9b",
                "sha256:067150fad08e6f2dd91a650c7a49ba65085303fcc3decbd64a57dc13a2733031",
                "sha256:0a2cbcfbea6dc776782a444db819c8b78afe4db597211298dd8b2222f73e9cd0",
                "sha256:0dd1c93edb444b33ba2274b66f63def8a327d607c6c790772f448a53b6ea59ce",
                "sha256:0fed465af2e0eb6357ba95795d003ac0bdb546305cc2366b1fc8f0ad67cc3fda",
                "sha256:116347c63ba049c1ea56e157fa8aa6edaf5e92925c9b64f3da7769bdfa012858",
                "sha256:1b4ac3ba7a97b35a5ccf34f41b5a8642a01d1e55454b699e5e8e7a99b5a3acf5",
                "sha256:1c7976cd1c157fa7ba5456ae5d31ccdf1479680dc9b8d8aa28afabc370df42b8",
                "sha256:246145bff76cc4b19310f0ad28bd0769b940c2a49fc601b86bfd150cbd72bb22",
                "sha256:25cbd39a9029b409167aa0a20d8a17f502d43f2efebfe9e3ac019fe6796c59ac",
                "sha256:28e6d883acd8674887d7edc896b91751dc2d8e87fbdca8359591a13872799e4e",
                "sha256:2d1d55cdf706ddc62822d394d1df53573d32a7a07d4f099470d3cb9323b721b6",
                "sha256:2e77282fd1d677c313ffcaddfec236bf23f273c4fba7cdf198108f5940ae10f5",
                "sha256:32fdba7333eb2351fee2596b756d730d62b5827d5e1ab2f84e6cbb287cc67fe0",
                "sha256:35591729668a303a02b06e8dba0eb8140c4a1bfd4c4b3209a436a02a5ac1de11",
                "sha256:380b868f55f63d048a25931a1632818f90e4be71d2081c2338fcf656d299949a",
                "sha256:3822c5894c72e3b35aae9909bef66ec83e44522faf767c0ad39e0e2de11d3b55",
                "sha256:38ba256ee9b310da6a1a0f013ef4e422fca30a685bcbec86a969bd520504e341",
                "sha256:3bc3b1621b979621cee9f7b09f024ec76ec03cc365e638126a056317470bde1b",
                "sha256:3d2d7d1fff8e09d99354c04c3fd5b560fb04639fd45926b34e27cfdec678a704",
                "sha256:517d75522b7b18a3385726b54a081afd425d4f41144a5399e5abd97ccafdf36b",
                "sha256:5f79c19c6420962eb17c7e48878a03053b7ccd7b69f389d5831c0a4a7f1ac0a1",
                "sha256:5f841c4f14331fd1e36cbf3336ed7be2cb2a8f110ce40ea253e5573387db7621",
                "sha256:637c1896497ff19e1ee27c1c2c2ddaa9f2d134bbb5e0c52254361ea20486418d",
                "sha256:6ee908c070020d682e9b42c8f621e8bb10c767d04416e2ebe44e37d0f44d9ad5",
                "sha256:77f0fb7200cc7dedda7a60912f2059086e29ff67cefbc58d2506638c1a9132d7",
                "sha256:7878b61c867fb2df7a95e44b316f88d5a3742390c99dfba6c557a21b30180cac",
                "sha256:78c106b2b506b4d895ddc801ff509f941119394b89c9115580014127414e6c2d",
                "sha256:8b911d74acdc1fe2941e59b4f1a278a330e9c34c6c8ca1ee21264c51ec9b67ef",
                "sha256:93de39267c4c676c9ebb2057e98a8138bade0d806aad4d864322eee0803140a0",
                "sha256:9416cf11bcd73c861267e88aea71e9fcc35302b3943e45e1dbb4317f91a4b34f",
                "sha256:94b117e27efd8e08b4046c57461d5a114d26b40824995a2eb58372b94f9fca02",
                "sha256:9815765f9dcda04921ba467957be543423e5ec6a1136135d84f2ae092c50d87b",
                "sha256:98ec9aea6223adf46999f22e2c0ab6cf33f5914be604a404f658386a8f1fba37",
                "sha256:a37e9a68349f6abe24130846e2f1d2e38f7ddab30b81b754e5a1fde32f782b23",
                "sha256:a43616aec0f0d53c411582c451f5d3e1123a68cc7b3475d6f7d97a626f8ff90d",
                "sha256:a4771d0d0ac9d9fe9e24e33bed482a13dfc1256d008d101485fe460359476065",
                "sha256:a5635bcf1b75f0f6ef3c8a1ad07b500104a971e38d3683167b9454cb6465ac86",
                "sha256:a9acb76d5f3dd9421874923da2ed1e76041cb51b9337fd7f507edde1d86535d6",
                "sha256:ac42181292099d91217a82e3fa3ce0e0ddf3a74fd891b7c2b347a7f5aa0edded",
                "sha256:b227345e4186809d31f22087d0265655114af7cda442ecaf72246275865bebe4",
                "sha256:b61f85101ef08cbbc37846ac0e43f027f7844f3fade9b7f6dd087178caedeee7",
                "sha256:b70913cbf2e14275013be98a06ef4b412329fe7b4f83d64eb70dce8269ed1e1a",
                "sha256:b9aad49466b8d828b96b9e3630006234879c8d3e2b0a9d99219b3121bc5cdb17",
                "sha256:baf1856fab8212bf35230c019cde7c641887e3fc08cadd39d32a421a30151ea3",
                "sha256:bd6c9c50bf2ad3f0448edaa1a3b55b2e6866ef8feca5d8dbec10ec7c94371d21",
                "sha256:c1ff762e2ee126e6f1258650ac641e2b8e1f3d927a925aafcfde943b77a36d24",
                "sha256:c30ac9f562106cd9e8071c23949a067b10211917fdcb75b4718cf5775356a940",
                "sha256:c9631c642e08b9fff1c6255487e62971d8b8e821808ddd013d8ac058087591ac",
                "sha256:cdd68778f96216596218b4e8882944d24a634d984ee1a5a049b300377878fa7c",
                "sha256:ce8cacda0b679ebc25624d5de66c705bc53dcc7c6f02a7fb0f3ca5e227d80422",
                "sha256:cfde464ca4af42a629648c0b0d79b8f295cf5b695412451716531d6916461628",
                "sha256:d3def943bfd5f1c47d51fd324df1e806d8da1f8e105cc7f1c76a1daf0f7e17b0",
                "sha256:d9b668c065968c5979fe6b6fa6760bb6ab9aeb94b75b73c0a9c1acf6393ac3bf",
                "sha256:da7d57ea65744d249427793c042094c4016789eb2562576fb831870f9c878d9e",
                "sha256:dc3a866cf6c13d59a01878cd806f219340f3e82eed514485e094321f24900677",
                "sha256:df23c83398715b26ab09574217ca21e14694917a0c857e356fd39e1c64f8283f",
                "sha256:dfc924a7e946dd3c6360e50e8f750d51e3ef5395c95dc054bc9eab0f70df4f9c",
                "sha256:e4a67f1080123de76e4e97a18d10350df6a7182e243312426d508712e99988d4",
                "sha256:e5283c0a00f48e8cafcecadebfa0ed1dac8b39e295c7248c44c665c16dc1138b",
                "sha256:e58a9b5cc96e014ddf93c2227cbdeca94b56a7eb77300205d6e4001805391747",
                "sha256:e6453f3cbeb78440747096f239d282cc57a2997a16b5197c9bc839099e1633d0",
                "sha256:e6c4fa1ec16e01e292315ba76eb1d012c025b99d22896bd14a66628b245e3e01",
                "sha256:e7d81ce5744757d2f05fc41896e3b2ae0458464b14b5a2c1e87a6a9d69aefaa8",
                "sha256:ea21d4d5104b4f840b91d9dc8cbc832aba9612121eaba503e54eaab1ad140eb9",
                "sha256:ecc99bce8ee42dcad15848c7885197d26841cb24fa2ee6e89d23b8993c871c64",
                "sha256:f0bb0973f42ffcb5e3537548e0767079420aefd94ba990b61cf7bb8d47f4916d",
                "sha256:f19001e790013ed580abfde2a4465388950728861b52f0da73e8e8a9418533c0",
                "sha256:f76440e480c3b2ca7f843ff8a48dc82446b86ed4930552d736c0bac507498a52",
                "sha256:f9bef5cff994ca3026fcc90680e326d1a19df9841c5e3d224076407cc21471a1",
                "sha256:fc66d4016f6e50ed36fb39cd287a3878ffcebfa90008535c62e0e90a7ab713ae",
                "sha256:fd77c8f3cba815aa69cb97ee2b2ef385c7c12ada9c734b0f3b32e26bb88bbf1d"
            ],
            "markers": "python_version >= '3.6'",
            "version": "==5.2.0"
        },
        "onetimepass": {
            "hashes": [
                "sha256:a569dac076d6e3761cbc55e36952144a637ca1b075c6d509de1c1dbc5e7f6a27"
            ],
            "index": "pypi",
            "version": "==1.0.1"
        },
        "pillow": {
            "hashes": [
                "sha256:03b27b197deb4ee400ed57d8d4e572d2d8d80f825b6634daf6e2c18c3c6ccfa6",
                "sha256:0b281fcadbb688607ea6ece7649c5d59d4bbd574e90db6cd030e9e85bde9fecc",
                "sha256:0ebd8b9137630a7bbbff8c4b31e774ff05bbb90f7911d93ea2c9371e41039b52",
                "sha256:113723312215b25c22df1fdf0e2da7a3b9c357a7d24a93ebbe80bfda4f37a8d4",
                "sha256:2d16b6196fb7a54aff6b5e3ecd00f7c0bab1b56eee39214b2b223a9d938c50af",
                "sha256:2fd8053e1f8ff1844419842fd474fc359676b2e2a2b66b11cc59f4fa0a301315",
                "sha256:31b265496e603985fad54d52d11970383e317d11e18e856971bdbb86af7242a4",
                "sha256:3586e12d874ce2f1bc875a3ffba98732ebb12e18fb6d97be482bd62b56803281",
                "sha256:47f5cf60bcb9fbc46011f75c9b45a8b5ad077ca352a78185bd3e7f1d294b98bb",
                "sha256:490e52e99224858f154975db61c060686df8a6b3f0212a678e5d2e2ce24675c9",
                "sha256:500d397ddf4bbf2ca42e198399ac13e7841956c72645513e8ddf243b31ad2128",
                "sha256:52abae4c96b5da630a8b4247de5428f593465291e5b239f3f843a911a3cf0105",
                "sha256:6579f9ba84a3d4f1807c4aab4be06f373017fc65fff43498885ac50a9b47a553",
                "sha256:68e06f8b2248f6dc8b899c3e7ecf02c9f413aab622f4d6190df53a78b93d97a5",
                "sha256:6c5439bfb35a89cac50e81c751317faea647b9a3ec11c039900cd6915831064d",
                "sha256:72c3110228944019e5f27232296c5923398496b28be42535e3b2dc7297b6e8b6",
                "sha256:72f649d93d4cc4d8cf79c91ebc25137c358718ad75f99e99e043325ea7d56100",
                "sha256:7aaf07085c756f6cb1c692ee0d5a86c531703b6e8c9cae581b31b562c16b98ce",
                "sha256:80fe92813d208ce8aa7d76da878bdc84b90809f79ccbad2a288e9bcbeac1d9bd",
                "sha256:95545137fc56ce8c10de646074d242001a112a92de169986abd8c88c27566a05",
                "sha256:97b6d21771da41497b81652d44191489296555b761684f82b7b544c49989110f",
                "sha256:98cb63ca63cb61f594511c06218ab4394bf80388b3d66cd61d0b1f63ee0ea69f",
                "sha256:9f3b4522148586d35e78313db4db0df4b759ddd7649ef70002b6c3767d0fdeb7",
                "sha256:a09a9d4ec2b7887f7a088bbaacfd5c07160e746e3d47ec5e8050ae3b2a229e9f",
                "sha256:b5050d681bcf5c9f2570b93bee5d3ec8ae4cf23158812f91ed57f7126df91762",
                "sha256:bb47a548cea95b86494a26c89d153fd31122ed65255db5dcbc421a2d28eb3379",
                "sha256:bc462d24500ba707e9cbdef436c16e5c8cbf29908278af053008d9f689f56dee",
                "sha256:c2067b3bb0781f14059b112c9da5a91c80a600a97915b4f48b37f197895dd925",
                "sha256:d154ed971a4cc04b93a6d5b47f37948d1f621f25de3e8fa0c26b2d44f24e3e8f",
                "sha256:d5dcea1387331c905405b09cdbfb34611050cc52c865d71f2362f354faee1e9f",
                "sha256:ee6e2963e92762923956fe5d3479b1fdc3b76c83f290aad131a2f98c3df0593e",
                "sha256:fd0e5062f11cb3e730450a7d9f323f4051b532781026395c4323b8ad055523c4"
            ],
            "index": "pypi",
            "version": "==9.0.0"
        },
        "protobuf": {
            "hashes": [
                "sha256:304e08440c4a41a0f3592d2a38934aad6919d692bb0edfb355548786728f9a5e",
                "sha256:49ef8ab4c27812a89a76fa894fe7a08f42f2147078392c0dee51d4a444ef6df5",
                "sha256:50b5fee674878b14baea73b4568dc478c46a31dd50157a5b5d2f71138243b1a9",
                "sha256:5524c7020eb1fb7319472cb75c4c3206ef18b34d6034d2ee420a60f99cddeb07",
                "sha256:612bc97e42b22af10ba25e4140963fbaa4c5181487d163f4eb55b0b15b3dfcd2",
                "sha256:6f349adabf1c004aba53f7b4633459f8ca8a09654bf7e69b509c95a454755776",
                "sha256:85b94d2653b0fdf6d879e39d51018bf5ccd86c81c04e18a98e9888694b98226f",
                "sha256:87535dc2d2ef007b9d44e309d2b8ea27a03d2fa09556a72364d706fcb7090828",
                "sha256:a7ab28a8f1f043c58d157bceb64f80e4d2f7f1b934bc7ff5e7f7a55a337ea8b0",
                "sha256:a96f8fc625e9ff568838e556f6f6ae8eca8b4837cdfb3f90efcb7c00e342a2eb",
                "sha256:b5a114ea9b7fc90c2cc4867a866512672a47f66b154c6d7ee7e48ddb68b68122",
                "sha256:be04fe14ceed7f8641e30f36077c1a654ff6f17d0c7a5283b699d057d150d82a",
                "sha256:bff02030bab8b969f4de597543e55bd05e968567acb25c0a87495a31eb09e925",
                "sha256:c9ca9f76805e5a637605f171f6c4772fc4a81eced4e2f708f79c75166a2c99ea",
                "sha256:e1464a4a2cf12f58f662c8e6421772c07947266293fb701cb39cd9c1e183f63c",
                "sha256:e72736dd822748b0721f41f9aaaf6a5b6d5cfc78f6c8690263aef8bba4457f0e",
                "sha256:eafe9fa19fcefef424ee089fb01ac7177ff3691af7cc2ae8791ae523eb6ca907",
                "sha256:f4b73736108a416c76c17a8a09bc73af3d91edaa26c682aaa460ef91a47168d3"
            ],
            "index": "pypi",
            "version": "==3.12.2"
        },
        "pyftdi": {
            "hashes": [
                "sha256:4ef20c246bdb0f278d283337d7a6e69cf9bdb0ead525e7ad867d9e46ad26e613",
                "sha256:6e86880ec6d66389de643ca83de5d59fffea3bd334f492e12fab71a832f878a2"
            ],
            "markers": "python_version >= '3.6'",
            "version": "==0.53.3"
        },
        "pyserial": {
            "hashes": [
                "sha256:3c77e014170dfffbd816e6ffc205e9842efb10be9f58ec16d3e8675b4925cddb",
                "sha256:c4451db6ba391ca6ca299fb3ec7bae67a5c55dde170964c7a14ceefec02f2cf0"
            ],
            "version": "==3.5"
        },
        "pyusb": {
            "hashes": [
                "sha256:2b4c7cb86dbadf044dfb9d3a4ff69fd217013dbe78a792177a3feb172449ea36",
                "sha256:a4cc7404a203144754164b8b40994e2849fde1cfff06b08492f12fff9d9de7b9"
            ],
            "markers": "python_version >= '3.6'",
            "version": "==1.2.1"
        },
        "qrcode": {
            "hashes": [
                "sha256:3996ee560fc39532910603704c82980ff6d4d5d629f9c3f25f34174ce8606cf5",
                "sha256:505253854f607f2abf4d16092c61d4e9d511a3b4392e60bff957a68592b04369"
            ],
            "index": "pypi",
            "version": "==6.1"
        },
        "rpi.gpio": {
            "hashes": [
                "sha256:21f4378d81525979ad3bbd60e88fc3d9fac1879bcb17151e1c665f32658f9362",
                "sha256:4aa3610414092689e33ee9312a4f496f7b0b38675e225ff4629cb951e117a31f",
                "sha256:78fa12d83010e901b3268adf346fc7db49545113d72d988695bd95775bb55e54",
                "sha256:8edb497b2be1705a693f6947d6ef204cce38c8db2cf1cbd4104fbbc744316edd",
                "sha256:cc9a97d2d1cd7993e03d74d5d149caaa24df368f3def49aac00f99205b22bd9f"
            ],
            "markers": "platform_system == 'Linux'",
            "version": "==0.7.1a4"
        },
        "setuptools": {
            "hashes": [
                "sha256:2404879cda71495fc4d5cbc445ed52fdaddf352b36e40be8dcc63147cb4edabe",
                "sha256:68eb94073fc486091447fcb0501efd6560a0e5a1839ba249e5ff3c4c93f05f90"
            ],
            "markers": "python_version >= '3.7'",
            "version": "==60.5.0"
        },
        "six": {
            "hashes": [
                "sha256:1e61c37477a1626458e36f7b1d82aa5c9b094fa4802892072e49de9c60c4c926",
                "sha256:8abb2f1d86890a2dfb989f9a77cfcfd3e47c2a354b01111771326f8aa26e0254"
            ],
            "markers": "python_version >= '2.7' and python_version not in '3.0, 3.1, 3.2, 3.3'",
            "version": "==1.16.0"
        },
        "smbus2": {
            "hashes": [
                "sha256:6276eb599b76c4e74372f2582d2282f03b4398f0da16bc996608e4f21557ca9b",
                "sha256:8b1e70cda011b6fb3caf8377a1084f73a5aa99392b78529f140b0a3f06468f6c"
            ],
            "version": "==0.4.1"
        },
        "spidev": {
            "hashes": [
                "sha256:8a7f5c289f161ea2ac4697fa8a10918232c990678dd0053084b3c43b1363910d"
            ],
            "markers": "platform_system == 'Linux'",
            "version": "==3.5"
        },
        "typing-extensions": {
            "hashes": [
                "sha256:4ca091dea149f945ec56afb48dae714f21e8692ef22a395223bcd328961b6a0e",
                "sha256:7f001e5ac290a0c0401508864c7ec868be4e701886d5b573a9528ed3973d9d3b"
            ],
            "markers": "python_version >= '3.6'",
            "version": "==4.0.1"
        },
        "wrapt": {
            "hashes": [
                "sha256:086218a72ec7d986a3eddb7707c8c4526d677c7b35e355875a0fe2918b059179",
                "sha256:0877fe981fd76b183711d767500e6b3111378ed2043c145e21816ee589d91096",
                "sha256:0a017a667d1f7411816e4bf214646d0ad5b1da2c1ea13dec6c162736ff25a374",
                "sha256:0cb23d36ed03bf46b894cfec777eec754146d68429c30431c99ef28482b5c1df",
                "sha256:1fea9cd438686e6682271d36f3481a9f3636195578bab9ca3382e2f5f01fc185",
                "sha256:220a869982ea9023e163ba915077816ca439489de6d2c09089b219f4e11b6785",
                "sha256:25b1b1d5df495d82be1c9d2fad408f7ce5ca8a38085e2da41bb63c914baadff7",
                "sha256:2dded5496e8f1592ec27079b28b6ad2a1ef0b9296d270f77b8e4a3a796cf6909",
                "sha256:2ebdde19cd3c8cdf8df3fc165bc7827334bc4e353465048b36f7deeae8ee0918",
                "sha256:43e69ffe47e3609a6aec0fe723001c60c65305784d964f5007d5b4fb1bc6bf33",
                "sha256:46f7f3af321a573fc0c3586612db4decb7eb37172af1bc6173d81f5b66c2e068",
                "sha256:47f0a183743e7f71f29e4e21574ad3fa95676136f45b91afcf83f6a050914829",
                "sha256:498e6217523111d07cd67e87a791f5e9ee769f9241fcf8a379696e25806965af",
                "sha256:4b9c458732450ec42578b5642ac53e312092acf8c0bfce140ada5ca1ac556f79",
                "sha256:51799ca950cfee9396a87f4a1240622ac38973b6df5ef7a41e7f0b98797099ce",
                "sha256:5601f44a0f38fed36cc07db004f0eedeaadbdcec90e4e90509480e7e6060a5bc",
                "sha256:5f223101f21cfd41deec8ce3889dc59f88a59b409db028c469c9b20cfeefbe36",
                "sha256:610f5f83dd1e0ad40254c306f4764fcdc846641f120c3cf424ff57a19d5f7ade",
                "sha256:6a03d9917aee887690aa3f1747ce634e610f6db6f6b332b35c2dd89412912bca",
                "sha256:705e2af1f7be4707e49ced9153f8d72131090e52be9278b5dbb1498c749a1e32",
                "sha256:766b32c762e07e26f50d8a3468e3b4228b3736c805018e4b0ec8cc01ecd88125",
                "sha256:77416e6b17926d953b5c666a3cb718d5945df63ecf922af0ee576206d7033b5e",
                "sha256:778fd096ee96890c10ce96187c76b3e99b2da44e08c9e24d5652f356873f6709",
                "sha256:78dea98c81915bbf510eb6a3c9c24915e4660302937b9ae05a0947164248020f",
                "sha256:7dd215e4e8514004c8d810a73e342c536547038fb130205ec4bba9f5de35d45b",
                "sha256:7dde79d007cd6dfa65afe404766057c2409316135cb892be4b1c768e3f3a11cb",
                "sha256:81bd7c90d28a4b2e1df135bfbd7c23aee3050078ca6441bead44c42483f9ebfb",
                "sha256:85148f4225287b6a0665eef08a178c15097366d46b210574a658c1ff5b377489",
                "sha256:865c0b50003616f05858b22174c40ffc27a38e67359fa1495605f96125f76640",
                "sha256:87883690cae293541e08ba2da22cacaae0a092e0ed56bbba8d018cc486fbafbb",
                "sha256:8aab36778fa9bba1a8f06a4919556f9f8c7b33102bd71b3ab307bb3fecb21851",
                "sha256:8c73c1a2ec7c98d7eaded149f6d225a692caa1bd7b2401a14125446e9e90410d",
                "sha256:936503cb0a6ed28dbfa87e8fcd0a56458822144e9d11a49ccee6d9a8adb2ac44",
                "sha256:944b180f61f5e36c0634d3202ba8509b986b5fbaf57db3e94df11abee244ba13",
                "sha256:96b81ae75591a795d8c90edc0bfaab44d3d41ffc1aae4d994c5aa21d9b8e19a2",
                "sha256:981da26722bebb9247a0601e2922cedf8bb7a600e89c852d063313102de6f2cb",
                "sha256:ae9de71eb60940e58207f8e71fe113c639da42adb02fb2bcbcaccc1ccecd092b",
                "sha256:b73d4b78807bd299b38e4598b8e7bd34ed55d480160d2e7fdaabd9931afa65f9",
                "sha256:d4a5f6146cfa5c7ba0134249665acd322a70d1ea61732723c7d3e8cc0fa80755",
                "sha256:dd91006848eb55af2159375134d724032a2d1d13bcc6f81cd8d3ed9f2b8e846c",
                "sha256:e05e60ff3b2b0342153be4d1b597bbcfd8330890056b9619f4ad6b8d5c96a81a",
                "sha256:e6906d6f48437dfd80464f7d7af1740eadc572b9f7a4301e7dd3d65db285cacf",
                "sha256:e92d0d4fa68ea0c02d39f1e2f9cb5bc4b4a71e8c442207433d8db47ee79d7aa3",
                "sha256:e94b7d9deaa4cc7bac9198a58a7240aaf87fe56c6277ee25fa5b3aa1edebd229",
                "sha256:ea3e746e29d4000cd98d572f3ee2a6050a4f784bb536f4ac1f035987fc1ed83e",
                "sha256:ec7e20258ecc5174029a0f391e1b948bf2906cd64c198a9b8b281b811cbc04de",
                "sha256:ec9465dd69d5657b5d2fa6133b3e1e989ae27d29471a672416fd729b429eb554",
                "sha256:f122ccd12fdc69628786d0c947bdd9cb2733be8f800d88b5a37c57f1f1d73c10",
                "sha256:f99c0489258086308aad4ae57da9e8ecf9e1f3f30fa35d5e170b4d4896554d80",
                "sha256:f9c51d9af9abb899bd34ace878fbec8bf357b3194a10c4e8e0a25512826ef056",
                "sha256:fd76c47f20984b43d93de9a82011bb6e5f8325df6c9ed4d8310029a55fa361ea"
            ],
            "markers": "python_version >= '2.7' and python_version not in '3.0, 3.1, 3.2, 3.3, 3.4'",
            "version": "==1.13.3"
        },
        "yarl": {
            "hashes": [
                "sha256:044daf3012e43d4b3538562da94a88fb12a6490652dbc29fb19adfa02cf72eac",
                "sha256:0cba38120db72123db7c58322fa69e3c0efa933040ffb586c3a87c063ec7cae8",
                "sha256:167ab7f64e409e9bdd99333fe8c67b5574a1f0495dcfd905bc7454e766729b9e",
                "sha256:1be4bbb3d27a4e9aa5f3df2ab61e3701ce8fcbd3e9846dbce7c033a7e8136746",
                "sha256:1ca56f002eaf7998b5fcf73b2421790da9d2586331805f38acd9997743114e98",
                "sha256:1d3d5ad8ea96bd6d643d80c7b8d5977b4e2fb1bab6c9da7322616fd26203d125",
                "sha256:1eb6480ef366d75b54c68164094a6a560c247370a68c02dddb11f20c4c6d3c9d",
                "sha256:1edc172dcca3f11b38a9d5c7505c83c1913c0addc99cd28e993efeaafdfaa18d",
                "sha256:211fcd65c58bf250fb994b53bc45a442ddc9f441f6fec53e65de8cba48ded986",
                "sha256:29e0656d5497733dcddc21797da5a2ab990c0cb9719f1f969e58a4abac66234d",
                "sha256:368bcf400247318382cc150aaa632582d0780b28ee6053cd80268c7e72796dec",
                "sha256:39d5493c5ecd75c8093fa7700a2fb5c94fe28c839c8e40144b7ab7ccba6938c8",
                "sha256:3abddf0b8e41445426d29f955b24aeecc83fa1072be1be4e0d194134a7d9baee",
                "sha256:3bf8cfe8856708ede6a73907bf0501f2dc4e104085e070a41f5d88e7faf237f3",
                "sha256:3ec1d9a0d7780416e657f1e405ba35ec1ba453a4f1511eb8b9fbab81cb8b3ce1",
                "sha256:45399b46d60c253327a460e99856752009fcee5f5d3c80b2f7c0cae1c38d56dd",
                "sha256:52690eb521d690ab041c3919666bea13ab9fbff80d615ec16fa81a297131276b",
                "sha256:534b047277a9a19d858cde163aba93f3e1677d5acd92f7d10ace419d478540de",
                "sha256:580c1f15500e137a8c37053e4cbf6058944d4c114701fa59944607505c2fe3a0",
                "sha256:59218fef177296451b23214c91ea3aba7858b4ae3306dde120224cfe0f7a6ee8",
                "sha256:5ba63585a89c9885f18331a55d25fe81dc2d82b71311ff8bd378fc8004202ff6",
                "sha256:5bb7d54b8f61ba6eee541fba4b83d22b8a046b4ef4d8eb7f15a7e35db2e1e245",
                "sha256:6152224d0a1eb254f97df3997d79dadd8bb2c1a02ef283dbb34b97d4f8492d23",
                "sha256:67e94028817defe5e705079b10a8438b8cb56e7115fa01640e9c0bb3edf67332",
                "sha256:695ba021a9e04418507fa930d5f0704edbce47076bdcfeeaba1c83683e5649d1",
                "sha256:6a1a9fe17621af43e9b9fcea8bd088ba682c8192d744b386ee3c47b56eaabb2c",
                "sha256:6ab0c3274d0a846840bf6c27d2c60ba771a12e4d7586bf550eefc2df0b56b3b4",
                "sha256:6feca8b6bfb9eef6ee057628e71e1734caf520a907b6ec0d62839e8293e945c0",
                "sha256:737e401cd0c493f7e3dd4db72aca11cfe069531c9761b8ea474926936b3c57c8",
                "sha256:788713c2896f426a4e166b11f4ec538b5736294ebf7d5f654ae445fd44270832",
                "sha256:797c2c412b04403d2da075fb93c123df35239cd7b4cc4e0cd9e5839b73f52c58",
                "sha256:8300401dc88cad23f5b4e4c1226f44a5aa696436a4026e456fe0e5d2f7f486e6",
                "sha256:87f6e082bce21464857ba58b569370e7b547d239ca22248be68ea5d6b51464a1",
                "sha256:89ccbf58e6a0ab89d487c92a490cb5660d06c3a47ca08872859672f9c511fc52",
                "sha256:8b0915ee85150963a9504c10de4e4729ae700af11df0dc5550e6587ed7891e92",
                "sha256:8cce6f9fa3df25f55521fbb5c7e4a736683148bcc0c75b21863789e5185f9185",
                "sha256:95a1873b6c0dd1c437fb3bb4a4aaa699a48c218ac7ca1e74b0bee0ab16c7d60d",
                "sha256:9b4c77d92d56a4c5027572752aa35082e40c561eec776048330d2907aead891d",
                "sha256:9bfcd43c65fbb339dc7086b5315750efa42a34eefad0256ba114cd8ad3896f4b",
                "sha256:9c1f083e7e71b2dd01f7cd7434a5f88c15213194df38bc29b388ccdf1492b739",
                "sha256:a1d0894f238763717bdcfea74558c94e3bc34aeacd3351d769460c1a586a8b05",
                "sha256:a467a431a0817a292121c13cbe637348b546e6ef47ca14a790aa2fa8cc93df63",
                "sha256:aa32aaa97d8b2ed4e54dc65d241a0da1c627454950f7d7b1f95b13985afd6c5d",
                "sha256:ac10bbac36cd89eac19f4e51c032ba6b412b3892b685076f4acd2de18ca990aa",
                "sha256:ac35ccde589ab6a1870a484ed136d49a26bcd06b6a1c6397b1967ca13ceb3913",
                "sha256:bab827163113177aee910adb1f48ff7af31ee0289f434f7e22d10baf624a6dfe",
                "sha256:baf81561f2972fb895e7844882898bda1eef4b07b5b385bcd308d2098f1a767b",
                "sha256:bf19725fec28452474d9887a128e98dd67eee7b7d52e932e6949c532d820dc3b",
                "sha256:c01a89a44bb672c38f42b49cdb0ad667b116d731b3f4c896f72302ff77d71656",
                "sha256:c0910c6b6c31359d2f6184828888c983d54d09d581a4a23547a35f1d0b9484b1",
                "sha256:c10ea1e80a697cf7d80d1ed414b5cb8f1eec07d618f54637067ae3c0334133c4",
                "sha256:c1164a2eac148d85bbdd23e07dfcc930f2e633220f3eb3c3e2a25f6148c2819e",
                "sha256:c145ab54702334c42237a6c6c4cc08703b6aa9b94e2f227ceb3d477d20c36c63",
                "sha256:c17965ff3706beedafd458c452bf15bac693ecd146a60a06a214614dc097a271",
                "sha256:c19324a1c5399b602f3b6e7db9478e5b1adf5cf58901996fc973fe4fccd73eed",
                "sha256:c2a1ac41a6aa980db03d098a5531f13985edcb451bcd9d00670b03129922cd0d",
                "sha256:c6ddcd80d79c96eb19c354d9dca95291589c5954099836b7c8d29278a7ec0bda",
                "sha256:c9c6d927e098c2d360695f2e9d38870b2e92e0919be07dbe339aefa32a090265",
                "sha256:cc8b7a7254c0fc3187d43d6cb54b5032d2365efd1df0cd1749c0c4df5f0ad45f",
                "sha256:cff3ba513db55cc6a35076f32c4cdc27032bd075c9faef31fec749e64b45d26c",
                "sha256:d260d4dc495c05d6600264a197d9d6f7fc9347f21d2594926202fd08cf89a8ba",
                "sha256:d6f3d62e16c10e88d2168ba2d065aa374e3c538998ed04996cd373ff2036d64c",
                "sha256:da6df107b9ccfe52d3a48165e48d72db0eca3e3029b5b8cb4fe6ee3cb870ba8b",
                "sha256:dfe4b95b7e00c6635a72e2d00b478e8a28bfb122dc76349a06e20792eb53a523",
                "sha256:e39378894ee6ae9f555ae2de332d513a5763276a9265f8e7cbaeb1b1ee74623a",
                "sha256:ede3b46cdb719c794427dcce9d8beb4abe8b9aa1e97526cc20de9bd6583ad1ef",
                "sha256:f2a8508f7350512434e41065684076f640ecce176d262a7d54f0da41d99c5a95",
                "sha256:f44477ae29025d8ea87ec308539f95963ffdc31a82f42ca9deecf2d505242e72",
                "sha256:f64394bd7ceef1237cc604b5a89bf748c95982a84bcd3c4bbeb40f685c810794",
                "sha256:fc4dd8b01a8112809e6b636b00f487846956402834a7fd59d46d4f4267181c41",
                "sha256:fce78593346c014d0d986b7ebc80d782b7f5e19843ca798ed62f8e3ba8728576",
                "sha256:fd547ec596d90c8676e369dd8a581a21227fe9b4ad37d0dc7feb4ccf544c2d59"
            ],
            "markers": "python_version >= '3.6'",
            "version": "==1.7.2"
        }
    },
    "develop": {
        "autopep8": {
            "hashes": [
                "sha256:60fd8c4341bab59963dafd5d2a566e94f547e660b9b396f772afe67d8481dbf0"
            ],
            "index": "pypi",
            "version": "==1.5.3"
        },
        "flake8": {
            "hashes": [
                "sha256:15e351d19611c887e482fb960eae4d44845013cc142d42896e9862f775d8cf5c",
                "sha256:f04b9fcbac03b0a3e58c0ab3a0ecc462e023a9faf046d57794184028123aa208"
            ],
            "index": "pypi",
            "version": "==3.8.3"
        },
        "importlib-metadata": {
            "hashes": [
                "sha256:92a8b58ce734b2a4494878e0ecf7d79ccd7a128b5fc6014c401e0b61f006f0f6",
                "sha256:b7cf7d3fef75f1e4c80a96ca660efbd51473d7e8f39b5ab9210febc7809012a4"
            ],
            "markers": "python_version < '3.8'",
            "version": "==4.10.0"
        },
        "mccabe": {
            "hashes": [
                "sha256:ab8a6258860da4b6677da4bd2fe5dc2c659cff31b3ee4f7f5d64e79735b80d42",
                "sha256:dd8d182285a0fe56bace7f45b5e7d1a6ebcbf524e8f3bd87eb0f125271b8831f"
            ],
            "version": "==0.6.1"
        },
        "pycodestyle": {
            "hashes": [
                "sha256:2295e7b2f6b5bd100585ebcb1f616591b652db8a741695b3d8f5d28bdc934367",
                "sha256:c58a7d2815e0e8d7972bf1803331fb0152f867bd89adf8a01dfd55085434192e"
            ],
            "markers": "python_version >= '2.7' and python_version not in '3.0, 3.1, 3.2, 3.3'",
            "version": "==2.6.0"
        },
        "pyflakes": {
            "hashes": [
                "sha256:0d94e0e05a19e57a99444b6ddcf9a6eb2e5c68d3ca1e98e90707af8152c90a92",
                "sha256:35b2d75ee967ea93b55750aa9edbbf72813e06a66ba54438df2cfac9e3c27fc8"
            ],
            "markers": "python_version >= '2.7' and python_version not in '3.0, 3.1, 3.2, 3.3'",
            "version": "==2.2.0"
        },
        "rope": {
            "hashes": [
                "sha256:658ad6705f43dcf3d6df379da9486529cf30e02d9ea14c5682aa80eb33b649e1"
            ],
            "index": "pypi",
            "version": "==0.17.0"
        },
        "toml": {
            "hashes": [
                "sha256:806143ae5bfb6a3c6e736a764057db0e6a0e05e338b5630894a5f779cabb4f9b",
                "sha256:b3bda1d108d5dd99f4a20d24d9c348e91c4db7ab1b749200bded2f839ccbe68f"
            ],
            "markers": "python_version >= '2.6' and python_version not in '3.0, 3.1, 3.2, 3.3'",
            "version": "==0.10.2"
        },
        "typing-extensions": {
            "hashes": [
                "sha256:4ca091dea149f945ec56afb48dae714f21e8692ef22a395223bcd328961b6a0e",
                "sha256:7f001e5ac290a0c0401508864c7ec868be4e701886d5b573a9528ed3973d9d3b"
            ],
            "markers": "python_version >= '3.6'",
            "version": "==4.0.1"
        },
        "zipp": {
            "hashes": [
                "sha256:9f50f446828eb9d45b267433fd3e9da8d801f614129124863f9c51ebceafb87d",
                "sha256:b47250dd24f92b7dd6a0a8fc5244da14608f3ca90a5efcd37a3b1642fac9a375"
            ],
            "markers": "python_version >= '3.7'",
            "version": "==3.7.0"
        }
    }
}
